// !$*UTF8*$!
{
	archiveVersion = 1;
	classes = {
	};
	objectVersion = 60;
	objects = {

/* Begin PBXBuildFile section */
		C1198F0829F0E6F3007139A0 /* LayeredEffectModifier.swift in Sources */ = {isa = PBXBuildFile; fileRef = C1198F0729F0E6F3007139A0 /* LayeredEffectModifier.swift */; };
		C1198F0A29F1E35A007139A0 /* BuyButton.swift in Sources */ = {isa = PBXBuildFile; fileRef = C1198F0929F1E35A007139A0 /* BuyButton.swift */; };
		C12565DE29B6D03400B266D2 /* VerticalSeparator.swift in Sources */ = {isa = PBXBuildFile; fileRef = C12565DD29B6D03400B266D2 /* VerticalSeparator.swift */; };
		C14A1BF729CB6A23005DBE2F /* Sake.usdz in Resources */ = {isa = PBXBuildFile; fileRef = C14A1BF229CB6A22005DBE2F /* Sake.usdz */; };
		C14A1BF829CB6A23005DBE2F /* SodaCan.usdz in Resources */ = {isa = PBXBuildFile; fileRef = C14A1BF329CB6A22005DBE2F /* SodaCan.usdz */; };
		C14A1BF929CB6A23005DBE2F /* Soda.usdz in Resources */ = {isa = PBXBuildFile; fileRef = C14A1BF429CB6A22005DBE2F /* Soda.usdz */; };
		C14A1BFA29CB6A23005DBE2F /* BabyBottle.usdz in Resources */ = {isa = PBXBuildFile; fileRef = C14A1BF529CB6A23005DBE2F /* BabyBottle.usdz */; };
		C14A1BFB29CB6A23005DBE2F /* CoffeeCup.usdz in Resources */ = {isa = PBXBuildFile; fileRef = C14A1BF629CB6A23005DBE2F /* CoffeeCup.usdz */; };
		C14A1C0629CB6BEC005DBE2F /* CustardEclair.usdz in Resources */ = {isa = PBXBuildFile; fileRef = C14A1BFC29CB6BE9005DBE2F /* CustardEclair.usdz */; };
		C14A1C0729CB6BEC005DBE2F /* Cookie.usdz in Resources */ = {isa = PBXBuildFile; fileRef = C14A1BFD29CB6BE9005DBE2F /* Cookie.usdz */; };
		C14A1C0829CB6BEC005DBE2F /* CreamPuff.usdz in Resources */ = {isa = PBXBuildFile; fileRef = C14A1BFE29CB6BE9005DBE2F /* CreamPuff.usdz */; };
		C14A1C0929CB6BEC005DBE2F /* IcedDonut.usdz in Resources */ = {isa = PBXBuildFile; fileRef = C14A1BFF29CB6BEA005DBE2F /* IcedDonut.usdz */; };
		C14A1C0A29CB6BEC005DBE2F /* ApplePie.usdz in Resources */ = {isa = PBXBuildFile; fileRef = C14A1C0029CB6BEA005DBE2F /* ApplePie.usdz */; };
		C14A1C0B29CB6BEC005DBE2F /* creme_Brulee.usdz in Resources */ = {isa = PBXBuildFile; fileRef = C14A1C0129CB6BEA005DBE2F /* creme_Brulee.usdz */; };
		C14A1C0C29CB6BEC005DBE2F /* LavaCake.usdz in Resources */ = {isa = PBXBuildFile; fileRef = C14A1C0229CB6BEB005DBE2F /* LavaCake.usdz */; };
		C14A1C0D29CB6BEC005DBE2F /* RasberryCake.usdz in Resources */ = {isa = PBXBuildFile; fileRef = C14A1C0329CB6BEB005DBE2F /* RasberryCake.usdz */; };
		C14A1C0E29CB6BEC005DBE2F /* CupCake.usdz in Resources */ = {isa = PBXBuildFile; fileRef = C14A1C0429CB6BEC005DBE2F /* CupCake.usdz */; };
		C14A1C1129CBA27C005DBE2F /* Extensions.swift in Sources */ = {isa = PBXBuildFile; fileRef = C14A1C1029CBA27C005DBE2F /* Extensions.swift */; };
		C14A1C1329CBA988005DBE2F /* fruitcake.usdz in Resources */ = {isa = PBXBuildFile; fileRef = C14A1C1229CBA988005DBE2F /* fruitcake.usdz */; };
		C156A09C29DF93810023074B /* CheeseBurgerwithSmoke.usdz in Resources */ = {isa = PBXBuildFile; fileRef = C156A09B29DF93810023074B /* CheeseBurgerwithSmoke.usdz */; };
		C176477729BB03EA00E101FF /* CartView.swift in Sources */ = {isa = PBXBuildFile; fileRef = C176477629BB03EA00E101FF /* CartView.swift */; };
		C176477929BB0DB900E101FF /* HorizontalSeparator.swift in Sources */ = {isa = PBXBuildFile; fileRef = C176477829BB0DB900E101FF /* HorizontalSeparator.swift */; };
		C19820DE29B04A4000E30E63 /* Constants.swift in Sources */ = {isa = PBXBuildFile; fileRef = C19820DD29B04A4000E30E63 /* Constants.swift */; };
		C19820E029B067BD00E30E63 /* LegacyEntityRepresentable.swift in Sources */ = {isa = PBXBuildFile; fileRef = C19820DF29B067BD00E30E63 /* LegacyEntityRepresentable.swift */; };
		C1A777A629F0696300B966BE /* Table.usdz in Resources */ = {isa = PBXBuildFile; fileRef = C1A777A529F0696300B966BE /* Table.usdz */; };
		C1A777A829F0806600B966BE /* ButtonPress.swift in Sources */ = {isa = PBXBuildFile; fileRef = C1A777A729F0806600B966BE /* ButtonPress.swift */; };
		C1B2513C29CA4A84009B19FE /* CartModels.swift in Sources */ = {isa = PBXBuildFile; fileRef = C1B2513B29CA4A84009B19FE /* CartModels.swift */; };
		C1C1785E29AFF7F6008E1478 /* Caffe_RealApp.swift in Sources */ = {isa = PBXBuildFile; fileRef = C1C1785D29AFF7F6008E1478 /* Caffe_RealApp.swift */; };
		C1C1786029AFF7F6008E1478 /* ContentView.swift in Sources */ = {isa = PBXBuildFile; fileRef = C1C1785F29AFF7F6008E1478 /* ContentView.swift */; };
		C1C1786429AFF7F7008E1478 /* Assets.xcassets in Resources */ = {isa = PBXBuildFile; fileRef = C1C1786329AFF7F7008E1478 /* Assets.xcassets */; };
		C1C1786729AFF7F7008E1478 /* Preview Assets.xcassets in Resources */ = {isa = PBXBuildFile; fileRef = C1C1786629AFF7F7008E1478 /* Preview Assets.xcassets */; };
		C1C1787329AFF810008E1478 /* WindowSquircle.swift in Sources */ = {isa = PBXBuildFile; fileRef = C1C1786E29AFF810008E1478 /* WindowSquircle.swift */; };
		C1C1787429AFF810008E1478 /* TextViews.swift in Sources */ = {isa = PBXBuildFile; fileRef = C1C1786F29AFF810008E1478 /* TextViews.swift */; };
		C1C1788329AFFCF5008E1478 /* PizzaSlice.usdz in Resources */ = {isa = PBXBuildFile; fileRef = C1C1787929AFFCF5008E1478 /* PizzaSlice.usdz */; };
		C1C1788429AFFCF5008E1478 /* FrenchFries.usdz in Resources */ = {isa = PBXBuildFile; fileRef = C1C1787A29AFFCF5008E1478 /* FrenchFries.usdz */; };
		C1C1788629AFFCF5008E1478 /* cremeBrulee.usdz in Resources */ = {isa = PBXBuildFile; fileRef = C1C1787C29AFFCF5008E1478 /* cremeBrulee.usdz */; };
		C1C1788829AFFCF5008E1478 /* HotDog.usdz in Resources */ = {isa = PBXBuildFile; fileRef = C1C1787E29AFFCF5008E1478 /* HotDog.usdz */; };
		C1C1788A29AFFCF5008E1478 /* indianfood.usdz in Resources */ = {isa = PBXBuildFile; fileRef = C1C1788029AFFCF5008E1478 /* indianfood.usdz */; };
		C1C1788B29AFFCF5008E1478 /* Taco.usdz in Resources */ = {isa = PBXBuildFile; fileRef = C1C1788129AFFCF5008E1478 /* Taco.usdz */; };
		C1C1788C29AFFCF5008E1478 /* Cheeseburger.usdz in Resources */ = {isa = PBXBuildFile; fileRef = C1C1788229AFFCF5008E1478 /* Cheeseburger.usdz */; };
		C1D2FF6129B1288700EAF01D /* MenuItemView.swift in Sources */ = {isa = PBXBuildFile; fileRef = C1D2FF6029B1288700EAF01D /* MenuItemView.swift */; };
		C1D2FF6329B19BC400EAF01D /* Model.swift in Sources */ = {isa = PBXBuildFile; fileRef = C1D2FF6229B19BC400EAF01D /* Model.swift */; };
		C1D2FF6529B1A3DA00EAF01D /* MenuView.swift in Sources */ = {isa = PBXBuildFile; fileRef = C1D2FF6429B1A3DA00EAF01D /* MenuView.swift */; };
		C1D3EA9F29F88B29003CC3A5 /* CafeRealMatadorPackage in Frameworks */ = {isa = PBXBuildFile; productRef = C1D3EA9E29F88B29003CC3A5 /* CafeRealMatadorPackage */; };
		C1EE6AA429EEF97900A8A6D4 /* SpinComponentAndSystem.swift in Sources */ = {isa = PBXBuildFile; fileRef = C1EE6AA329EEF97900A8A6D4 /* SpinComponentAndSystem.swift */; };
		C1EE6AA629EEFB1500A8A6D4 /* Enityt+Model.swift in Sources */ = {isa = PBXBuildFile; fileRef = C1EE6AA529EEFB1500A8A6D4 /* Enityt+Model.swift */; };
/* End PBXBuildFile section */

/* Begin PBXFileReference section */
		C1198F0729F0E6F3007139A0 /* LayeredEffectModifier.swift */ = {isa = PBXFileReference; lastKnownFileType = sourcecode.swift; path = LayeredEffectModifier.swift; sourceTree = "<group>"; };
		C1198F0929F1E35A007139A0 /* BuyButton.swift */ = {isa = PBXFileReference; lastKnownFileType = sourcecode.swift; path = BuyButton.swift; sourceTree = "<group>"; };
		C12565DD29B6D03400B266D2 /* VerticalSeparator.swift */ = {isa = PBXFileReference; lastKnownFileType = sourcecode.swift; path = VerticalSeparator.swift; sourceTree = "<group>"; };
		C14A1BF229CB6A22005DBE2F /* Sake.usdz */ = {isa = PBXFileReference; lastKnownFileType = file.usdz; path = Sake.usdz; sourceTree = "<group>"; };
		C14A1BF329CB6A22005DBE2F /* SodaCan.usdz */ = {isa = PBXFileReference; lastKnownFileType = file.usdz; path = SodaCan.usdz; sourceTree = "<group>"; };
		C14A1BF429CB6A22005DBE2F /* Soda.usdz */ = {isa = PBXFileReference; lastKnownFileType = file.usdz; path = Soda.usdz; sourceTree = "<group>"; };
		C14A1BF529CB6A23005DBE2F /* BabyBottle.usdz */ = {isa = PBXFileReference; lastKnownFileType = file.usdz; path = BabyBottle.usdz; sourceTree = "<group>"; };
		C14A1BF629CB6A23005DBE2F /* CoffeeCup.usdz */ = {isa = PBXFileReference; lastKnownFileType = file.usdz; path = CoffeeCup.usdz; sourceTree = "<group>"; };
		C14A1BFC29CB6BE9005DBE2F /* CustardEclair.usdz */ = {isa = PBXFileReference; lastKnownFileType = file.usdz; path = CustardEclair.usdz; sourceTree = "<group>"; };
		C14A1BFD29CB6BE9005DBE2F /* Cookie.usdz */ = {isa = PBXFileReference; lastKnownFileType = file.usdz; path = Cookie.usdz; sourceTree = "<group>"; };
		C14A1BFE29CB6BE9005DBE2F /* CreamPuff.usdz */ = {isa = PBXFileReference; lastKnownFileType = file.usdz; path = CreamPuff.usdz; sourceTree = "<group>"; };
		C14A1BFF29CB6BEA005DBE2F /* IcedDonut.usdz */ = {isa = PBXFileReference; lastKnownFileType = file.usdz; path = IcedDonut.usdz; sourceTree = "<group>"; };
		C14A1C0029CB6BEA005DBE2F /* ApplePie.usdz */ = {isa = PBXFileReference; lastKnownFileType = file.usdz; path = ApplePie.usdz; sourceTree = "<group>"; };
		C14A1C0129CB6BEA005DBE2F /* creme_Brulee.usdz */ = {isa = PBXFileReference; lastKnownFileType = file.usdz; path = creme_Brulee.usdz; sourceTree = "<group>"; };
		C14A1C0229CB6BEB005DBE2F /* LavaCake.usdz */ = {isa = PBXFileReference; lastKnownFileType = file.usdz; path = LavaCake.usdz; sourceTree = "<group>"; };
		C14A1C0329CB6BEB005DBE2F /* RasberryCake.usdz */ = {isa = PBXFileReference; lastKnownFileType = file.usdz; path = RasberryCake.usdz; sourceTree = "<group>"; };
		C14A1C0429CB6BEC005DBE2F /* CupCake.usdz */ = {isa = PBXFileReference; lastKnownFileType = file.usdz; path = CupCake.usdz; sourceTree = "<group>"; };
		C14A1C1029CBA27C005DBE2F /* Extensions.swift */ = {isa = PBXFileReference; lastKnownFileType = sourcecode.swift; path = Extensions.swift; sourceTree = "<group>"; };
		C14A1C1229CBA988005DBE2F /* fruitcake.usdz */ = {isa = PBXFileReference; lastKnownFileType = file.usdz; path = fruitcake.usdz; sourceTree = "<group>"; };
		C156A09B29DF93810023074B /* CheeseBurgerwithSmoke.usdz */ = {isa = PBXFileReference; lastKnownFileType = file.usdz; path = CheeseBurgerwithSmoke.usdz; sourceTree = "<group>"; };
		C176477629BB03EA00E101FF /* CartView.swift */ = {isa = PBXFileReference; lastKnownFileType = sourcecode.swift; path = CartView.swift; sourceTree = "<group>"; };
		C176477829BB0DB900E101FF /* HorizontalSeparator.swift */ = {isa = PBXFileReference; lastKnownFileType = sourcecode.swift; path = HorizontalSeparator.swift; sourceTree = "<group>"; };
		C19820DD29B04A4000E30E63 /* Constants.swift */ = {isa = PBXFileReference; lastKnownFileType = sourcecode.swift; path = Constants.swift; sourceTree = "<group>"; };
		C19820DF29B067BD00E30E63 /* LegacyEntityRepresentable.swift */ = {isa = PBXFileReference; lastKnownFileType = sourcecode.swift; path = LegacyEntityRepresentable.swift; sourceTree = "<group>"; };
		C1A777A529F0696300B966BE /* Table.usdz */ = {isa = PBXFileReference; lastKnownFileType = file.usdz; path = Table.usdz; sourceTree = "<group>"; };
		C1A777A729F0806600B966BE /* ButtonPress.swift */ = {isa = PBXFileReference; lastKnownFileType = sourcecode.swift; path = ButtonPress.swift; sourceTree = "<group>"; };
		C1B2513B29CA4A84009B19FE /* CartModels.swift */ = {isa = PBXFileReference; lastKnownFileType = sourcecode.swift; path = CartModels.swift; sourceTree = "<group>"; };
		C1C1785A29AFF7F6008E1478 /* Caffe Real.app */ = {isa = PBXFileReference; explicitFileType = wrapper.application; includeInIndex = 0; path = "Caffe Real.app"; sourceTree = BUILT_PRODUCTS_DIR; };
		C1C1785D29AFF7F6008E1478 /* Caffe_RealApp.swift */ = {isa = PBXFileReference; lastKnownFileType = sourcecode.swift; path = Caffe_RealApp.swift; sourceTree = "<group>"; };
		C1C1785F29AFF7F6008E1478 /* ContentView.swift */ = {isa = PBXFileReference; lastKnownFileType = sourcecode.swift; path = ContentView.swift; sourceTree = "<group>"; };
		C1C1786329AFF7F7008E1478 /* Assets.xcassets */ = {isa = PBXFileReference; lastKnownFileType = folder.assetcatalog; path = Assets.xcassets; sourceTree = "<group>"; };
		C1C1786629AFF7F7008E1478 /* Preview Assets.xcassets */ = {isa = PBXFileReference; lastKnownFileType = folder.assetcatalog; path = "Preview Assets.xcassets"; sourceTree = "<group>"; };
		C1C1786829AFF7F7008E1478 /* Info.plist */ = {isa = PBXFileReference; lastKnownFileType = text.plist.xml; path = Info.plist; sourceTree = "<group>"; };
		C1C1786E29AFF810008E1478 /* WindowSquircle.swift */ = {isa = PBXFileReference; fileEncoding = 4; lastKnownFileType = sourcecode.swift; path = WindowSquircle.swift; sourceTree = "<group>"; };
		C1C1786F29AFF810008E1478 /* TextViews.swift */ = {isa = PBXFileReference; fileEncoding = 4; lastKnownFileType = sourcecode.swift; path = TextViews.swift; sourceTree = "<group>"; };
		C1C1787929AFFCF5008E1478 /* PizzaSlice.usdz */ = {isa = PBXFileReference; lastKnownFileType = file.usdz; path = PizzaSlice.usdz; sourceTree = "<group>"; };
		C1C1787A29AFFCF5008E1478 /* FrenchFries.usdz */ = {isa = PBXFileReference; lastKnownFileType = file.usdz; path = FrenchFries.usdz; sourceTree = "<group>"; };
		C1C1787C29AFFCF5008E1478 /* cremeBrulee.usdz */ = {isa = PBXFileReference; lastKnownFileType = file.usdz; path = cremeBrulee.usdz; sourceTree = "<group>"; };
		C1C1787E29AFFCF5008E1478 /* HotDog.usdz */ = {isa = PBXFileReference; lastKnownFileType = file.usdz; path = HotDog.usdz; sourceTree = "<group>"; };
		C1C1788029AFFCF5008E1478 /* indianfood.usdz */ = {isa = PBXFileReference; lastKnownFileType = file.usdz; path = indianfood.usdz; sourceTree = "<group>"; };
		C1C1788129AFFCF5008E1478 /* Taco.usdz */ = {isa = PBXFileReference; lastKnownFileType = file.usdz; path = Taco.usdz; sourceTree = "<group>"; };
		C1C1788229AFFCF5008E1478 /* Cheeseburger.usdz */ = {isa = PBXFileReference; lastKnownFileType = file.usdz; path = Cheeseburger.usdz; sourceTree = "<group>"; };
		C1D2FF6029B1288700EAF01D /* MenuItemView.swift */ = {isa = PBXFileReference; lastKnownFileType = sourcecode.swift; path = MenuItemView.swift; sourceTree = "<group>"; };
		C1D2FF6229B19BC400EAF01D /* Model.swift */ = {isa = PBXFileReference; lastKnownFileType = sourcecode.swift; path = Model.swift; sourceTree = "<group>"; };
		C1D2FF6429B1A3DA00EAF01D /* MenuView.swift */ = {isa = PBXFileReference; lastKnownFileType = sourcecode.swift; path = MenuView.swift; sourceTree = "<group>"; };
		C1EE6AA329EEF97900A8A6D4 /* SpinComponentAndSystem.swift */ = {isa = PBXFileReference; lastKnownFileType = sourcecode.swift; path = SpinComponentAndSystem.swift; sourceTree = "<group>"; };
		C1EE6AA529EEFB1500A8A6D4 /* Enityt+Model.swift */ = {isa = PBXFileReference; lastKnownFileType = sourcecode.swift; path = "Enityt+Model.swift"; sourceTree = "<group>"; };
/* End PBXFileReference section */

/* Begin PBXFrameworksBuildPhase section */
		C1C1785729AFF7F6008E1478 /* Frameworks */ = {
			isa = PBXFrameworksBuildPhase;
			buildActionMask = 2147483647;
			files = (
				C1D3EA9F29F88B29003CC3A5 /* CafeRealMatadorPackage in Frameworks */,
			);
			runOnlyForDeploymentPostprocessing = 0;
		};
/* End PBXFrameworksBuildPhase section */

/* Begin PBXGroup section */
		C12565DA29B6CC9900B266D2 /* Util */ = {
			isa = PBXGroup;
			children = (
				C19820DD29B04A4000E30E63 /* Constants.swift */,
				C19820DF29B067BD00E30E63 /* LegacyEntityRepresentable.swift */,
				C14A1C1029CBA27C005DBE2F /* Extensions.swift */,
				C1A777A729F0806600B966BE /* ButtonPress.swift */,
			);
			path = Util;
			sourceTree = "<group>";
		};
		C12565DC29B6CD1400B266D2 /* Lib */ = {
			isa = PBXGroup;
			children = (
				C12565DD29B6D03400B266D2 /* VerticalSeparator.swift */,
				C176477829BB0DB900E101FF /* HorizontalSeparator.swift */,
				C1C1786F29AFF810008E1478 /* TextViews.swift */,
				C1C1786E29AFF810008E1478 /* WindowSquircle.swift */,
			);
			path = Lib;
			sourceTree = "<group>";
		};
		C172EF3329CA724F00A7D4B1 /* desserts */ = {
			isa = PBXGroup;
			children = (
				C14A1C0029CB6BEA005DBE2F /* ApplePie.usdz */,
				C14A1BFD29CB6BE9005DBE2F /* Cookie.usdz */,
				C14A1BFE29CB6BE9005DBE2F /* CreamPuff.usdz */,
				C14A1C0129CB6BEA005DBE2F /* creme_Brulee.usdz */,
				C14A1C0429CB6BEC005DBE2F /* CupCake.usdz */,
				C14A1BFC29CB6BE9005DBE2F /* CustardEclair.usdz */,
				C14A1C1229CBA988005DBE2F /* fruitcake.usdz */,
				C14A1BFF29CB6BEA005DBE2F /* IcedDonut.usdz */,
				C14A1C0229CB6BEB005DBE2F /* LavaCake.usdz */,
				C14A1C0329CB6BEB005DBE2F /* RasberryCake.usdz */,
				C1C1787C29AFFCF5008E1478 /* cremeBrulee.usdz */,
			);
			path = desserts;
			sourceTree = "<group>";
		};
		C172EF3429CA725E00A7D4B1 /* drinks */ = {
			isa = PBXGroup;
			children = (
				C14A1BF529CB6A23005DBE2F /* BabyBottle.usdz */,
				C14A1BF629CB6A23005DBE2F /* CoffeeCup.usdz */,
				C14A1BF229CB6A22005DBE2F /* Sake.usdz */,
				C14A1BF429CB6A22005DBE2F /* Soda.usdz */,
				C14A1BF329CB6A22005DBE2F /* SodaCan.usdz */,
			);
			path = drinks;
			sourceTree = "<group>";
		};
		C176477529BB03CD00E101FF /* Cart */ = {
			isa = PBXGroup;
			children = (
				C176477629BB03EA00E101FF /* CartView.swift */,
				C1B2513B29CA4A84009B19FE /* CartModels.swift */,
				C1198F0929F1E35A007139A0 /* BuyButton.swift */,
			);
			path = Cart;
			sourceTree = "<group>";
		};
		C180E0C829EE106E00CB1539 /* grill */ = {
			isa = PBXGroup;
			children = (
				C1C1788229AFFCF5008E1478 /* Cheeseburger.usdz */,
				C1C1787A29AFFCF5008E1478 /* FrenchFries.usdz */,
				C1C1787E29AFFCF5008E1478 /* HotDog.usdz */,
				C1C1787929AFFCF5008E1478 /* PizzaSlice.usdz */,
				C156A09B29DF93810023074B /* CheeseBurgerwithSmoke.usdz */,
			);
			path = grill;
			sourceTree = "<group>";
		};
		C180E0C929EE114300CB1539 /* Menu */ = {
			isa = PBXGroup;
			children = (
				C1D2FF6429B1A3DA00EAF01D /* MenuView.swift */,
				C1D2FF6029B1288700EAF01D /* MenuItemView.swift */,
			);
			path = Menu;
			sourceTree = "<group>";
		};
		C1C1785129AFF7F6008E1478 = {
			isa = PBXGroup;
			children = (
				C1C1787829AFF832008E1478 /* Assets */,
				C1C1785C29AFF7F6008E1478 /* Caffe Real */,
				C1C1785B29AFF7F6008E1478 /* Products */,
			);
			sourceTree = "<group>";
		};
		C1C1785B29AFF7F6008E1478 /* Products */ = {
			isa = PBXGroup;
			children = (
				C1C1785A29AFF7F6008E1478 /* Caffe Real.app */,
			);
			name = Products;
			sourceTree = "<group>";
		};
		C1C1785C29AFF7F6008E1478 /* Caffe Real */ = {
			isa = PBXGroup;
			children = (
				C1C1785D29AFF7F6008E1478 /* Caffe_RealApp.swift */,
				C1C1785F29AFF7F6008E1478 /* ContentView.swift */,
				C1198F0729F0E6F3007139A0 /* LayeredEffectModifier.swift */,
				C1D2FF6229B19BC400EAF01D /* Model.swift */,
				C12565DA29B6CC9900B266D2 /* Util */,
				C12565DC29B6CD1400B266D2 /* Lib */,
				C1EE6AA229EEF92300A8A6D4 /* ComponentsAndSystems */,
				C176477529BB03CD00E101FF /* Cart */,
				C180E0C929EE114300CB1539 /* Menu */,
				C1C1786329AFF7F7008E1478 /* Assets.xcassets */,
				C1C1786829AFF7F7008E1478 /* Info.plist */,
				C1C1786529AFF7F7008E1478 /* Preview Content */,
			);
			path = "Caffe Real";
			sourceTree = "<group>";
		};
		C1C1786529AFF7F7008E1478 /* Preview Content */ = {
			isa = PBXGroup;
			children = (
				C1C1786629AFF7F7008E1478 /* Preview Assets.xcassets */,
			);
			path = "Preview Content";
			sourceTree = "<group>";
		};
		C1C1787829AFF832008E1478 /* Assets */ = {
			isa = PBXGroup;
			children = (
				C180E0C829EE106E00CB1539 /* grill */,
				C172EF3429CA725E00A7D4B1 /* drinks */,
				C172EF3329CA724F00A7D4B1 /* desserts */,
				C1C1788029AFFCF5008E1478 /* indianfood.usdz */,
				C1C1788129AFFCF5008E1478 /* Taco.usdz */,
				C1A777A529F0696300B966BE /* Table.usdz */,
			);
			path = Assets;
			sourceTree = "<group>";
		};
		C1EE6AA229EEF92300A8A6D4 /* ComponentsAndSystems */ = {
			isa = PBXGroup;
			children = (
				C1EE6AA329EEF97900A8A6D4 /* SpinComponentAndSystem.swift */,
				C1EE6AA529EEFB1500A8A6D4 /* Enityt+Model.swift */,
			);
			path = ComponentsAndSystems;
			sourceTree = "<group>";
		};
/* End PBXGroup section */

/* Begin PBXNativeTarget section */
		C1C1785929AFF7F6008E1478 /* Caffe Real */ = {
			isa = PBXNativeTarget;
			buildConfigurationList = C1C1786B29AFF7F7008E1478 /* Build configuration list for PBXNativeTarget "Caffe Real" */;
			buildPhases = (
				C1C1785629AFF7F6008E1478 /* Sources */,
				C1C1785729AFF7F6008E1478 /* Frameworks */,
				C1C1785829AFF7F6008E1478 /* Resources */,
			);
			buildRules = (
			);
			dependencies = (
			);
			name = "Caffe Real";
			packageProductDependencies = (
				C1D3EA9E29F88B29003CC3A5 /* CafeRealMatadorPackage */,
			);
			productName = "Caffe Real";
			productReference = C1C1785A29AFF7F6008E1478 /* Caffe Real.app */;
			productType = "com.apple.product-type.application";
		};
/* End PBXNativeTarget section */

/* Begin PBXProject section */
		C1C1785229AFF7F6008E1478 /* Project object */ = {
			isa = PBXProject;
			attributes = {
				BuildIndependentTargetsInParallel = 1;
				LastSwiftUpdateCheck = 1500;
				LastUpgradeCheck = 1500;
				TargetAttributes = {
					C1C1785929AFF7F6008E1478 = {
						CreatedOnToolsVersion = 15.0;
					};
				};
			};
			buildConfigurationList = C1C1785529AFF7F6008E1478 /* Build configuration list for PBXProject "Caffe Real" */;
			compatibilityVersion = "Xcode 14.0";
			developmentRegion = en;
			hasScannedForEncodings = 0;
			knownRegions = (
				en,
				Base,
			);
			mainGroup = C1C1785129AFF7F6008E1478;
			packageReferences = (
				C19AD70229DCE73E00FED83E /* XCLocalSwiftPackageReference "(null)" */,
				C1D3EA9D29F88B29003CC3A5 /* XCLocalSwiftPackageReference "CafeRealMatadorPackage" */,
			);
			productRefGroup = C1C1785B29AFF7F6008E1478 /* Products */;
			projectDirPath = "";
			projectRoot = "";
			targets = (
				C1C1785929AFF7F6008E1478 /* Caffe Real */,
			);
		};
/* End PBXProject section */

/* Begin PBXResourcesBuildPhase section */
		C1C1785829AFF7F6008E1478 /* Resources */ = {
			isa = PBXResourcesBuildPhase;
			buildActionMask = 2147483647;
			files = (
				C14A1BFB29CB6A23005DBE2F /* CoffeeCup.usdz in Resources */,
				C14A1C0A29CB6BEC005DBE2F /* ApplePie.usdz in Resources */,
				C1C1788A29AFFCF5008E1478 /* indianfood.usdz in Resources */,
				C14A1BF829CB6A23005DBE2F /* SodaCan.usdz in Resources */,
				C14A1C0929CB6BEC005DBE2F /* IcedDonut.usdz in Resources */,
				C14A1C0C29CB6BEC005DBE2F /* LavaCake.usdz in Resources */,
				C1A777A629F0696300B966BE /* Table.usdz in Resources */,
				C1C1788C29AFFCF5008E1478 /* Cheeseburger.usdz in Resources */,
				C14A1BF729CB6A23005DBE2F /* Sake.usdz in Resources */,
				C1C1788B29AFFCF5008E1478 /* Taco.usdz in Resources */,
				C14A1C1329CBA988005DBE2F /* fruitcake.usdz in Resources */,
				C1C1786729AFF7F7008E1478 /* Preview Assets.xcassets in Resources */,
				C1C1788329AFFCF5008E1478 /* PizzaSlice.usdz in Resources */,
				C1C1786429AFF7F7008E1478 /* Assets.xcassets in Resources */,
				C1C1788829AFFCF5008E1478 /* HotDog.usdz in Resources */,
				C14A1C0829CB6BEC005DBE2F /* CreamPuff.usdz in Resources */,
				C156A09C29DF93810023074B /* CheeseBurgerwithSmoke.usdz in Resources */,
				C14A1BF929CB6A23005DBE2F /* Soda.usdz in Resources */,
				C14A1C0B29CB6BEC005DBE2F /* creme_Brulee.usdz in Resources */,
				C14A1C0729CB6BEC005DBE2F /* Cookie.usdz in Resources */,
				C14A1C0629CB6BEC005DBE2F /* CustardEclair.usdz in Resources */,
				C1C1788429AFFCF5008E1478 /* FrenchFries.usdz in Resources */,
				C14A1C0E29CB6BEC005DBE2F /* CupCake.usdz in Resources */,
				C14A1C0D29CB6BEC005DBE2F /* RasberryCake.usdz in Resources */,
				C1C1788629AFFCF5008E1478 /* cremeBrulee.usdz in Resources */,
				C14A1BFA29CB6A23005DBE2F /* BabyBottle.usdz in Resources */,
			);
			runOnlyForDeploymentPostprocessing = 0;
		};
/* End PBXResourcesBuildPhase section */

/* Begin PBXSourcesBuildPhase section */
		C1C1785629AFF7F6008E1478 /* Sources */ = {
			isa = PBXSourcesBuildPhase;
			buildActionMask = 2147483647;
			files = (
				C1A777A829F0806600B966BE /* ButtonPress.swift in Sources */,
				C1198F0A29F1E35A007139A0 /* BuyButton.swift in Sources */,
				C176477729BB03EA00E101FF /* CartView.swift in Sources */,
				C14A1C1129CBA27C005DBE2F /* Extensions.swift in Sources */,
				C1198F0829F0E6F3007139A0 /* LayeredEffectModifier.swift in Sources */,
				C12565DE29B6D03400B266D2 /* VerticalSeparator.swift in Sources */,
				C1D2FF6129B1288700EAF01D /* MenuItemView.swift in Sources */,
				C1D2FF6329B19BC400EAF01D /* Model.swift in Sources */,
				C1B2513C29CA4A84009B19FE /* CartModels.swift in Sources */,
				C176477929BB0DB900E101FF /* HorizontalSeparator.swift in Sources */,
				C19820E029B067BD00E30E63 /* LegacyEntityRepresentable.swift in Sources */,
				C1EE6AA629EEFB1500A8A6D4 /* Enityt+Model.swift in Sources */,
				C1EE6AA429EEF97900A8A6D4 /* SpinComponentAndSystem.swift in Sources */,
				C1D2FF6529B1A3DA00EAF01D /* MenuView.swift in Sources */,
				C1C1786029AFF7F6008E1478 /* ContentView.swift in Sources */,
				C1C1785E29AFF7F6008E1478 /* Caffe_RealApp.swift in Sources */,
				C1C1787429AFF810008E1478 /* TextViews.swift in Sources */,
				C1C1787329AFF810008E1478 /* WindowSquircle.swift in Sources */,
				C19820DE29B04A4000E30E63 /* Constants.swift in Sources */,
			);
			runOnlyForDeploymentPostprocessing = 0;
		};
/* End PBXSourcesBuildPhase section */

/* Begin XCBuildConfiguration section */
		C1C1786929AFF7F7008E1478 /* Debug */ = {
			isa = XCBuildConfiguration;
			buildSettings = {
				ALWAYS_SEARCH_USER_PATHS = NO;
				CLANG_ANALYZER_NONNULL = YES;
				CLANG_ANALYZER_NUMBER_OBJECT_CONVERSION = YES_AGGRESSIVE;
				CLANG_CXX_LANGUAGE_STANDARD = "gnu++20";
				CLANG_ENABLE_MODULES = YES;
				CLANG_ENABLE_OBJC_ARC = YES;
				CLANG_ENABLE_OBJC_WEAK = YES;
				CLANG_WARN_BLOCK_CAPTURE_AUTORELEASING = YES;
				CLANG_WARN_BOOL_CONVERSION = YES;
				CLANG_WARN_COMMA = YES;
				CLANG_WARN_CONSTANT_CONVERSION = YES;
				CLANG_WARN_DEPRECATED_OBJC_IMPLEMENTATIONS = YES;
				CLANG_WARN_DIRECT_OBJC_ISA_USAGE = YES_ERROR;
				CLANG_WARN_DOCUMENTATION_COMMENTS = YES;
				CLANG_WARN_EMPTY_BODY = YES;
				CLANG_WARN_ENUM_CONVERSION = YES;
				CLANG_WARN_INFINITE_RECURSION = YES;
				CLANG_WARN_INT_CONVERSION = YES;
				CLANG_WARN_NON_LITERAL_NULL_CONVERSION = YES;
				CLANG_WARN_OBJC_IMPLICIT_RETAIN_SELF = YES;
				CLANG_WARN_OBJC_LITERAL_CONVERSION = YES;
				CLANG_WARN_OBJC_ROOT_CLASS = YES_ERROR;
				CLANG_WARN_QUOTED_INCLUDE_IN_FRAMEWORK_HEADER = YES;
				CLANG_WARN_RANGE_LOOP_ANALYSIS = YES;
				CLANG_WARN_STRICT_PROTOTYPES = YES;
				CLANG_WARN_SUSPICIOUS_MOVE = YES;
				CLANG_WARN_UNGUARDED_AVAILABILITY = YES_AGGRESSIVE;
				CLANG_WARN_UNREACHABLE_CODE = YES;
				CLANG_WARN__DUPLICATE_METHOD_MATCH = YES;
				COPY_PHASE_STRIP = NO;
				DEBUG_INFORMATION_FORMAT = dwarf;
				ENABLE_STRICT_OBJC_MSGSEND = YES;
				ENABLE_TESTABILITY = YES;
				ENABLE_USER_SCRIPT_SANDBOXING = YES;
				GCC_C_LANGUAGE_STANDARD = gnu11;
				GCC_DYNAMIC_NO_PIC = NO;
				GCC_NO_COMMON_BLOCKS = YES;
				GCC_OPTIMIZATION_LEVEL = 0;
				GCC_PREPROCESSOR_DEFINITIONS = (
					"DEBUG=1",
					"$(inherited)",
				);
				GCC_WARN_64_TO_32_BIT_CONVERSION = YES;
				GCC_WARN_ABOUT_RETURN_TYPE = YES_ERROR;
				GCC_WARN_UNDECLARED_SELECTOR = YES;
				GCC_WARN_UNINITIALIZED_AUTOS = YES_AGGRESSIVE;
				GCC_WARN_UNUSED_FUNCTION = YES;
				GCC_WARN_UNUSED_VARIABLE = YES;
				MTL_ENABLE_DEBUG_INFO = INCLUDE_SOURCE;
				MTL_FAST_MATH = YES;
				ONLY_ACTIVE_ARCH = YES;
				SDKROOT = xros;
				SWIFT_ACTIVE_COMPILATION_CONDITIONS = DEBUG;
				SWIFT_OPTIMIZATION_LEVEL = "-Onone";
				XROS_DEPLOYMENT_TARGET = 1.0;
			};
			name = Debug;
		};
		C1C1786A29AFF7F7008E1478 /* Release */ = {
			isa = XCBuildConfiguration;
			buildSettings = {
				ALWAYS_SEARCH_USER_PATHS = NO;
				CLANG_ANALYZER_NONNULL = YES;
				CLANG_ANALYZER_NUMBER_OBJECT_CONVERSION = YES_AGGRESSIVE;
				CLANG_CXX_LANGUAGE_STANDARD = "gnu++20";
				CLANG_ENABLE_MODULES = YES;
				CLANG_ENABLE_OBJC_ARC = YES;
				CLANG_ENABLE_OBJC_WEAK = YES;
				CLANG_WARN_BLOCK_CAPTURE_AUTORELEASING = YES;
				CLANG_WARN_BOOL_CONVERSION = YES;
				CLANG_WARN_COMMA = YES;
				CLANG_WARN_CONSTANT_CONVERSION = YES;
				CLANG_WARN_DEPRECATED_OBJC_IMPLEMENTATIONS = YES;
				CLANG_WARN_DIRECT_OBJC_ISA_USAGE = YES_ERROR;
				CLANG_WARN_DOCUMENTATION_COMMENTS = YES;
				CLANG_WARN_EMPTY_BODY = YES;
				CLANG_WARN_ENUM_CONVERSION = YES;
				CLANG_WARN_INFINITE_RECURSION = YES;
				CLANG_WARN_INT_CONVERSION = YES;
				CLANG_WARN_NON_LITERAL_NULL_CONVERSION = YES;
				CLANG_WARN_OBJC_IMPLICIT_RETAIN_SELF = YES;
				CLANG_WARN_OBJC_LITERAL_CONVERSION = YES;
				CLANG_WARN_OBJC_ROOT_CLASS = YES_ERROR;
				CLANG_WARN_QUOTED_INCLUDE_IN_FRAMEWORK_HEADER = YES;
				CLANG_WARN_RANGE_LOOP_ANALYSIS = YES;
				CLANG_WARN_STRICT_PROTOTYPES = YES;
				CLANG_WARN_SUSPICIOUS_MOVE = YES;
				CLANG_WARN_UNGUARDED_AVAILABILITY = YES_AGGRESSIVE;
				CLANG_WARN_UNREACHABLE_CODE = YES;
				CLANG_WARN__DUPLICATE_METHOD_MATCH = YES;
				COPY_PHASE_STRIP = NO;
				DEBUG_INFORMATION_FORMAT = "dwarf-with-dsym";
				ENABLE_NS_ASSERTIONS = NO;
				ENABLE_STRICT_OBJC_MSGSEND = YES;
				ENABLE_USER_SCRIPT_SANDBOXING = YES;
				GCC_C_LANGUAGE_STANDARD = gnu11;
				GCC_NO_COMMON_BLOCKS = YES;
				GCC_WARN_64_TO_32_BIT_CONVERSION = YES;
				GCC_WARN_ABOUT_RETURN_TYPE = YES_ERROR;
				GCC_WARN_UNDECLARED_SELECTOR = YES;
				GCC_WARN_UNINITIALIZED_AUTOS = YES_AGGRESSIVE;
				GCC_WARN_UNUSED_FUNCTION = YES;
				GCC_WARN_UNUSED_VARIABLE = YES;
				MTL_ENABLE_DEBUG_INFO = NO;
				MTL_FAST_MATH = YES;
				SDKROOT = xros;
				SWIFT_COMPILATION_MODE = wholemodule;
				SWIFT_OPTIMIZATION_LEVEL = "-O";
				VALIDATE_PRODUCT = YES;
				XROS_DEPLOYMENT_TARGET = 1.0;
			};
			name = Release;
		};
		C1C1786C29AFF7F7008E1478 /* Debug */ = {
			isa = XCBuildConfiguration;
			buildSettings = {
				ASSETCATALOG_COMPILER_APPICON_NAME = AppIcon;
				ASSETCATALOG_COMPILER_GLOBAL_ACCENT_COLOR_NAME = AccentColor;
				CODE_SIGN_STYLE = Automatic;
				CURRENT_PROJECT_VERSION = 1;
				DEVELOPMENT_ASSET_PATHS = "\"Caffe Real/Preview Content\"";
				DEVELOPMENT_TEAM = FVVB83N8AC;
				ENABLE_PREVIEWS = YES;
				GENERATE_INFOPLIST_FILE = YES;
				INFOPLIST_FILE = "$(TARGET_NAME)/Info.plist";
				LD_RUNPATH_SEARCH_PATHS = (
					"$(inherited)",
					"@executable_path/Frameworks",
				);
				MARKETING_VERSION = 1.0;
				PRODUCT_BUNDLE_IDENTIFIER = com.jett.ps20241;
				PRODUCT_NAME = "$(TARGET_NAME)";
				SUPPORTED_PLATFORMS = "xros xrsimulator";
				SWIFT_EMIT_LOC_STRINGS = YES;
				SWIFT_VERSION = 5.0;
				TARGETED_DEVICE_FAMILY = "1,2,7";
			};
			name = Debug;
		};
		C1C1786D29AFF7F7008E1478 /* Release */ = {
			isa = XCBuildConfiguration;
			buildSettings = {
				ASSETCATALOG_COMPILER_APPICON_NAME = AppIcon;
				ASSETCATALOG_COMPILER_GLOBAL_ACCENT_COLOR_NAME = AccentColor;
				CODE_SIGN_STYLE = Automatic;
				CURRENT_PROJECT_VERSION = 1;
				DEVELOPMENT_ASSET_PATHS = "\"Caffe Real/Preview Content\"";
				DEVELOPMENT_TEAM = FVVB83N8AC;
				ENABLE_PREVIEWS = YES;
				GENERATE_INFOPLIST_FILE = YES;
				INFOPLIST_FILE = "$(TARGET_NAME)/Info.plist";
				LD_RUNPATH_SEARCH_PATHS = (
					"$(inherited)",
					"@executable_path/Frameworks",
				);
				MARKETING_VERSION = 1.0;
				PRODUCT_BUNDLE_IDENTIFIER = com.jett.ps20241;
				PRODUCT_NAME = "$(TARGET_NAME)";
				SUPPORTED_PLATFORMS = "xros xrsimulator";
				SWIFT_EMIT_LOC_STRINGS = YES;
				SWIFT_VERSION = 5.0;
				TARGETED_DEVICE_FAMILY = "1,2,7";
			};
			name = Release;
		};
/* End XCBuildConfiguration section */

/* Begin XCConfigurationList section */
		C1C1785529AFF7F6008E1478 /* Build configuration list for PBXProject "Caffe Real" */ = {
			isa = XCConfigurationList;
			buildConfigurations = (
				C1C1786929AFF7F7008E1478 /* Debug */,
				C1C1786A29AFF7F7008E1478 /* Release */,
			);
			defaultConfigurationIsVisible = 0;
			defaultConfigurationName = Release;
		};
		C1C1786B29AFF7F7008E1478 /* Build configuration list for PBXNativeTarget "Caffe Real" */ = {
			isa = XCConfigurationList;
			buildConfigurations = (
				C1C1786C29AFF7F7008E1478 /* Debug */,
				C1C1786D29AFF7F7008E1478 /* Release */,
			);
			defaultConfigurationIsVisible = 0;
			defaultConfigurationName = Release;
		};
/* End XCConfigurationList section */

/* Begin XCLocalSwiftPackageReference section */
		C19AD70229DCE73E00FED83E /* XCLocalSwiftPackageReference "(null)" */ = {
			isa = XCLocalSwiftPackageReference;
		};
		C1D3EA9D29F88B29003CC3A5 /* XCLocalSwiftPackageReference "CafeRealMatadorPackage" */ = {
			isa = XCLocalSwiftPackageReference;
			relativePath = CafeRealMatadorPackage;
		};
/* End XCLocalSwiftPackageReference section */

/* Begin XCSwiftPackageProductDependency section */
		C1D3EA9E29F88B29003CC3A5 /* CafeRealMatadorPackage */ = {
			isa = XCSwiftPackageProductDependency;
			productName = CafeRealMatadorPackage;
		};
/* End XCSwiftPackageProductDependency section */
	};
	rootObject = C1C1785229AFF7F6008E1478 /* Project object */;
}
